{
    "name": "n-api-hello",
    "version": "1.0.0",
    "lockfileVersion": 1,
    "requires": true,
    "dependencies": {
        "@types/node": {
            "version": "7.0.69",
            "resolved": "https://registry.npmjs.org/@types/node/-/node-7.0.69.tgz",
            "integrity": "sha512-S5NC8HV6HnRipg8nC0j30TPl7ktXjRTKqgyINLNe8K/64UJUI8Lq0sRopXC0hProsV2F5ibj8IqPkl1xpGggrw==",
            "dev": true
        },
        "node-addon-api": {
            "version": "1.4.0",
            "resolved": "https://registry.npmjs.org/node-addon-api/-/node-addon-api-1.4.0.tgz",
            "integrity": "sha512-agquHPHnxYGox7Rjz2+TZQeOiH8IVbNFSTyTPA+peMUAP6klgrBH5dcwHsNNChQh7l/dtF0JNmZPbCqd5OXOIQ=="
        },
        "typescript": {
            "version": "2.9.2",
            "resolved": "https://registry.npmjs.org/typescript/-/typescript-2.9.2.tgz",
            "integrity": "sha512-Gr4p6nFNaoufRIY4NMdpQRNmgxVIGMs4Fcu/ujdYk3nAZqk7supzBE9idmvfZIlH/Cuj//dvi+019qEue9lV0w==",
            "dev": true
        }
    }
}
